
Microsoft Visual Studio Solution File, Format Version 12.00
# Visual Studio Version 17
VisualStudioVersion = 17.9.34723.18
MinimumVisualStudioVersion = 10.0.40219.1
Project("{9A19103F-16F7-4668-BE54-9A1E7A4F7556}") = "BookingFlight", "BookingFlight\BookingFlight.csproj", "{9A7713A6-5F8C-4E7F-BA13-3D055F0D40B0}"
EndProject
Project("{FAE04EC0-301F-11D3-BF4B-00C04F79EFBC}") = "Domain", "Domain\Domain.csproj", "{B1331417-CBB6-42AF-93FC-B0765956D541}"
EndProject
Global
	GlobalSection(SolutionConfigurationPlatforms) = preSolution
		Debug|Any CPU = Debug|Any CPU
		Release|Any CPU = Release|Any CPU
	EndGlobalSection
	GlobalSection(ProjectConfigurationPlatforms) = postSolution
		{9A7713A6-5F8C-4E7F-BA13-3D055F0D40B0}.Debug|Any CPU.ActiveCfg = Debug|Any CPU
		{9A7713A6-5F8C-4E7F-BA13-3D055F0D40B0}.Debug|Any CPU.Build.0 = Debug|Any CPU
		{9A7713A6-5F8C-4E7F-BA13-3D055F0D40B0}.Release|Any CPU.ActiveCfg = Release|Any CPU
		{9A7713A6-5F8C-4E7F-BA13-3D055F0D40B0}.Release|Any CPU.Build.0 = Release|Any CPU
		{B1331417-CBB6-42AF-93FC-B0765956D541}.Debug|Any CPU.ActiveCfg = Debug|Any CPU
		{B1331417-CBB6-42AF-93FC-B0765956D541}.Debug|Any CPU.Build.0 = Debug|Any CPU
		{B1331417-CBB6-42AF-93FC-B0765956D541}.Release|Any CPU.ActiveCfg = Release|Any CPU
		{B1331417-CBB6-42AF-93FC-B0765956D541}.Release|Any CPU.Build.0 = Release|Any CPU
	EndGlobalSection
	GlobalSection(SolutionProperties) = preSolution
		HideSolutionNode = FALSE
	EndGlobalSection
	GlobalSection(ExtensibilityGlobals) = postSolution
		SolutionGuid = {CEDC5BDC-8A19-4D38-A762-0E54DB6542AD}
	EndGlobalSection
EndGlobal
